
Microsoft Visual Studio Solution File, Format Version 12.00
# Visual Studio Version 16
VisualStudioVersion = 16.0.32510.428
MinimumVisualStudioVersion = 10.0.40219.1
Project("{FAE04EC0-301F-11D3-BF4B-00C04F79EFBC}") = "proyectoVehiculos", "proyectoVehiculos\proyectoVehiculos.csproj", "{32EE75D6-6211-4539-A38C-713FF30FE643}"
EndProject
Global
	GlobalSection(SolutionConfigurationPlatforms) = preSolution
		Debug|Any CPU = Debug|Any CPU
		Release|Any CPU = Release|Any CPU
	EndGlobalSection
	GlobalSection(ProjectConfigurationPlatforms) = postSolution
		{32EE75D6-6211-4539-A38C-713FF30FE643}.Debug|Any CPU.ActiveCfg = Debug|Any CPU
		{32EE75D6-6211-4539-A38C-713FF30FE643}.Debug|Any CPU.Build.0 = Debug|Any CPU
		{32EE75D6-6211-4539-A38C-713FF30FE643}.Release|Any CPU.ActiveCfg = Release|Any CPU
		{32EE75D6-6211-4539-A38C-713FF30FE643}.Release|Any CPU.Build.0 = Release|Any CPU
	EndGlobalSection
	GlobalSection(SolutionProperties) = preSolution
		HideSolutionNode = FALSE
	EndGlobalSection
	GlobalSection(ExtensibilityGlobals) = postSolution
		SolutionGuid = {5AE70B02-6FFA-4672-B520-839AB755044B}
	EndGlobalSection
EndGlobal
